
Microsoft Visual Studio Solution File, Format Version 12.00
# Visual Studio Version 16
VisualStudioVersion = 16.0.29209.62
MinimumVisualStudioVersion = 10.0.40219.1
Project("{FAE04EC0-301F-11D3-BF4B-00C04F79EFBC}") = "Semana2CasoPropuesto2", "Semana2CasoPropuesto2\Semana2CasoPropuesto2.csproj", "{53B23474-A9AA-494D-BAF7-5EB34FB478F6}"
EndProject
Global
	GlobalSection(SolutionConfigurationPlatforms) = preSolution
		Debug|Any CPU = Debug|Any CPU
		Release|Any CPU = Release|Any CPU
	EndGlobalSection
	GlobalSection(ProjectConfigurationPlatforms) = postSolution
		{53B23474-A9AA-494D-BAF7-5EB34FB478F6}.Debug|Any CPU.ActiveCfg = Debug|Any CPU
		{53B23474-A9AA-494D-BAF7-5EB34FB478F6}.Debug|Any CPU.Build.0 = Debug|Any CPU
		{53B23474-A9AA-494D-BAF7-5EB34FB478F6}.Release|Any CPU.ActiveCfg = Release|Any CPU
		{53B23474-A9AA-494D-BAF7-5EB34FB478F6}.Release|Any CPU.Build.0 = Release|Any CPU
	EndGlobalSection
	GlobalSection(SolutionProperties) = preSolution
		HideSolutionNode = FALSE
	EndGlobalSection
	GlobalSection(ExtensibilityGlobals) = postSolution
		SolutionGuid = {9B25A0CA-ED33-4708-B66C-9298D297A8E4}
	EndGlobalSection
EndGlobal
